<?xml version="1.0" encoding="utf-8"?>
<Project ToolsVersion="4.0" xmlns="http://schemas.microsoft.com/developer/msbuild/2003">
  <ItemGroup>
    <Filter Include="Source Files">
      <UniqueIdentifier>{4FC737F1-C7A5-4376-A066-2A32D752A2FF}</UniqueIdentifier>
      <Extensions>cpp;c;cc;cxx;def;odl;idl;hpj;bat;asm;asmx</Extensions>
    </Filter>
    <Filter Include="Header Files">
      <UniqueIdentifier>{93995380-89BD-4b04-88EB-625FBE52EBFB}</UniqueIdentifier>
      <Extensions>h;hpp;hxx;hm;inl;inc;xsd</Extensions>
    </Filter>
    <Filter Include="Resource Files">
      <UniqueIdentifier>{67DA6AB6-F800-4c08-8B7A-83BB121AAD01}</UniqueIdentifier>
      <Extensions>rc;ico;cur;bmp;dlg;rc2;rct;bin;rgs;gif;jpg;jpeg;jpe;resx;tiff;tif;png;wav</Extensions>
    </Filter>
  </ItemGroup>
  <ItemGroup>
    <ClCompile Include="mclient.cpp">
      <Filter>Source Files</Filter>
    </ClCompile>
  </ItemGroup>
  <ItemGroup>
    <ClInclude Include="mclient.h">
      <Filter>Header Files</Filter>
    </ClInclude>
    <ClInclude Include="resource.h">
      <Filter>Header Files</Filter>
    </ClInclude>
    <ClInclude Include="stdafx.h">
      <Filter>Header Files</Filter>
    </ClInclude>
  </ItemGroup>
  <ItemGroup>
    <None Include="anchor.png">
      <Filter>Resource Files</Filter>
    </None>
    <None Include="aperture.png">
      <Filter>Resource Files</Filter>
    </None>
    <None Include="appIcon.ico">
      <Filter>Resource Files</Filter>
    </None>
    <None Include="arrow-down.png">
      <Filter>Resource Files</Filter>
    </None>
    <None Include="arrow-up.png">
      <Filter>Resource Files</Filter>
    </None>
    <None Include="art.png">
      <Filter>Resource Files</Filter>
    </None>
    <None Include="barchart.png">
      <Filter>Resource Files</Filter>
    </None>
    <None Include="batteryfull.png">
      <Filter>Resource Files</Filter>
    </None>
    <None Include="batterylow.png">
      <Filter>Resource Files</Filter>
    </None>
    <None Include="bike.png">
      <Filter>Resource Files</Filter>
    </None>
    <None Include="biker.png">
      <Filter>Resource Files</Filter>
    </None>
    <None Include="bikewheel.png">
      <Filter>Resource Files</Filter>
    </None>
    <None Include="blimp.png">
      <Filter>Resource Files</Filter>
    </None>
    <None Include="bolt.png">
      <Filter>Resource Files</Filter>
    </None>
    <None Include="bomb.png">
      <Filter>Resource Files</Filter>
    </None>
    <None Include="booklet.png">
      <Filter>Resource Files</Filter>
    </None>
    <None Include="bookshelf.png">
      <Filter>Resource Files</Filter>
    </None>
    <None Include="briefcase.png">
      <Filter>Resource Files</Filter>
    </None>
    <None Include="brightness.png">
      <Filter>Resource Files</Filter>
    </None>
    <None Include="browser.png">
      <Filter>Resource Files</Filter>
    </None>
    <None Include="brush-pencil.png">
      <Filter>Resource Files</Filter>
    </None>
    <None Include="calculator.png">
      <Filter>Resource Files</Filter>
    </None>
    <None Include="calendar.png">
      <Filter>Resource Files</Filter>
    </None>
    <None Include="camera.png">
      <Filter>Resource Files</Filter>
    </None>
    <None Include="car.png">
      <Filter>Resource Files</Filter>
    </None>
    <None Include="cart.png">
      <Filter>Resource Files</Filter>
    </None>
    <None Include="carwheel.png">
      <Filter>Resource Files</Filter>
    </None>
    <None Include="caution.png">
      <Filter>Resource Files</Filter>
    </None>
    <None Include="chat.png">
      <Filter>Resource Files</Filter>
    </None>
    <None Include="check.png">
      <Filter>Resource Files</Filter>
    </None>
    <None Include="circlecompass.png">
      <Filter>Resource Files</Filter>
    </None>
    <None Include="clapboard.png">
      <Filter>Resource Files</Filter>
    </None>
    <None Include="clipboard.png">
      <Filter>Resource Files</Filter>
    </None>
    <None Include="clock.png">
      <Filter>Resource Files</Filter>
    </None>
    <None Include="cloud.png">
      <Filter>Resource Files</Filter>
    </None>
    <None Include="cmyk.png">
      <Filter>Resource Files</Filter>
    </None>
    <None Include="colorwheel.png">
      <Filter>Resource Files</Filter>
    </None>
    <None Include="compass.png">
      <Filter>Resource Files</Filter>
    </None>
    <None Include="compose.png">
      <Filter>Resource Files</Filter>
    </None>
    <None Include="computer.png">
      <Filter>Resource Files</Filter>
    </None>
    <None Include="cone.png">
      <Filter>Resource Files</Filter>
    </None>
    <None Include="contacts.png">
      <Filter>Resource Files</Filter>
    </None>
    <None Include="contrast.png">
      <Filter>Resource Files</Filter>
    </None>
    <None Include="countdown.png">
      <Filter>Resource Files</Filter>
    </None>
    <None Include="creditcard.png">
      <Filter>Resource Files</Filter>
    </None>
    <None Include="crop.png">
      <Filter>Resource Files</Filter>
    </None>
    <None Include="crossroads.png">
      <Filter>Resource Files</Filter>
    </None>
    <None Include="cruise.png">
      <Filter>Resource Files</Filter>
    </None>
    <None Include="cursor.png">
      <Filter>Resource Files</Filter>
    </None>
    <None Include="denied.png">
      <Filter>Resource Files</Filter>
    </None>
    <None Include="dev.png">
      <Filter>Resource Files</Filter>
    </None>
    <None Include="die.png">
      <Filter>Resource Files</Filter>
    </None>
    <None Include="document.png">
      <Filter>Resource Files</Filter>
    </None>
    <None Include="dolly.png">
      <Filter>Resource Files</Filter>
    </None>
    <None Include="door.png">
      <Filter>Resource Files</Filter>
    </None>
    <None Include="download.png">
      <Filter>Resource Files</Filter>
    </None>
    <None Include="easel.png">
      <Filter>Resource Files</Filter>
    </None>
    <None Include="email.png">
      <Filter>Resource Files</Filter>
    </None>
    <None Include="emailIcon.jpeg">
      <Filter>Resource Files</Filter>
    </None>
    <None Include="eye.png">
      <Filter>Resource Files</Filter>
    </None>
    <None Include="eyedropper.png">
      <Filter>Resource Files</Filter>
    </None>
    <None Include="fashion.png">
      <Filter>Resource Files</Filter>
    </None>
    <None Include="filmreel.png">
      <Filter>Resource Files</Filter>
    </None>
    <None Include="filmroll.png">
      <Filter>Resource Files</Filter>
    </None>
    <None Include="flag.png">
      <Filter>Resource Files</Filter>
    </None>
    <None Include="flame.png">
      <Filter>Resource Files</Filter>
    </None>
    <None Include="flash.png">
      <Filter>Resource Files</Filter>
    </None>
    <None Include="flower.png">
      <Filter>Resource Files</Filter>
    </None>
    <None Include="focus.png">
      <Filter>Resource Files</Filter>
    </None>
    <None Include="folder.png">
      <Filter>Resource Files</Filter>
    </None>
    <None Include="frames.png">
      <Filter>Resource Files</Filter>
    </None>
    <None Include="gamecontroller.png">
      <Filter>Resource Files</Filter>
    </None>
    <None Include="gas.png">
      <Filter>Resource Files</Filter>
    </None>
    <None Include="gear.png">
      <Filter>Resource Files</Filter>
    </None>
    <None Include="genius.png">
      <Filter>Resource Files</Filter>
    </None>
    <None Include="global.png">
      <Filter>Resource Files</Filter>
    </None>
    <None Include="globe.png">
      <Filter>Resource Files</Filter>
    </None>
    <None Include="gps.png">
      <Filter>Resource Files</Filter>
    </None>
    <None Include="hazard.png">
      <Filter>Resource Files</Filter>
    </None>
    <None Include="heart.png">
      <Filter>Resource Files</Filter>
    </None>
    <None Include="helicopter.png">
      <Filter>Resource Files</Filter>
    </None>
    <None Include="hotair.png">
      <Filter>Resource Files</Filter>
    </None>
    <None Include="hourglass.png">
      <Filter>Resource Files</Filter>
    </None>
    <None Include="image.png">
      <Filter>Resource Files</Filter>
    </None>
    <None Include="interstate.png">
      <Filter>Resource Files</Filter>
    </None>
    <None Include="key.png">
      <Filter>Resource Files</Filter>
    </None>
    <None Include="keyboard.png">
      <Filter>Resource Files</Filter>
    </None>
    <None Include="lens.png">
      <Filter>Resource Files</Filter>
    </None>
    <None Include="lightbulb.png">
      <Filter>Resource Files</Filter>
    </None>
    <None Include="loading.png">
      <Filter>Resource Files</Filter>
    </None>
    <None Include="location.png">
      <Filter>Resource Files</Filter>
    </None>
    <None Include="locked.png">
      <Filter>Resource Files</Filter>
    </None>
    <None Include="magicwand.png">
      <Filter>Resource Files</Filter>
    </None>
    <None Include="magnifyingglass.png">
      <Filter>Resource Files</Filter>
    </None>
    <None Include="mail.png">
      <Filter>Resource Files</Filter>
    </None>
    <None Include="map.png">
      <Filter>Resource Files</Filter>
    </None>
    <None Include="megaphone.png">
      <Filter>Resource Files</Filter>
    </None>
    <None Include="megaphone2.png">
      <Filter>Resource Files</Filter>
    </None>
    <None Include="memorycard.png">
      <Filter>Resource Files</Filter>
    </None>
    <None Include="merge.png">
      <Filter>Resource Files</Filter>
    </None>
    <None Include="mic.png">
      <Filter>Resource Files</Filter>
    </None>
    <None Include="microphone.png">
      <Filter>Resource Files</Filter>
    </None>
    <None Include="money.png">
      <Filter>Resource Files</Filter>
    </None>
    <None Include="motorcycle.png">
      <Filter>Resource Files</Filter>
    </None>
    <None Include="music.png">
      <Filter>Resource Files</Filter>
    </None>
    <None Include="news.png">
      <Filter>Resource Files</Filter>
    </None>
    <None Include="paintbrush.png">
      <Filter>Resource Files</Filter>
    </None>
    <None Include="paintbrush2.png">
      <Filter>Resource Files</Filter>
    </None>
    <None Include="paintcan.png">
      <Filter>Resource Files</Filter>
    </None>
    <None Include="paintroller.png">
      <Filter>Resource Files</Filter>
    </None>
    <None Include="parachute.png">
      <Filter>Resource Files</Filter>
    </None>
    <None Include="pencil.png">
      <Filter>Resource Files</Filter>
    </None>
    <None Include="phone.png">
      <Filter>Resource Files</Filter>
    </None>
    <None Include="pie-chart.png">
      <Filter>Resource Files</Filter>
    </None>
    <None Include="pin.png">
      <Filter>Resource Files</Filter>
    </None>
    <None Include="pin2.png">
      <Filter>Resource Files</Filter>
    </None>
    <None Include="plane.png">
      <Filter>Resource Files</Filter>
    </None>
    <None Include="play.png">
      <Filter>Resource Files</Filter>
    </None>
    <None Include="plugin.png">
      <Filter>Resource Files</Filter>
    </None>
    <None Include="polaroid.png">
      <Filter>Resource Files</Filter>
    </None>
    <None Include="polaroidcamera.png">
      <Filter>Resource Files</Filter>
    </None>
    <None Include="polaroids.png">
      <Filter>Resource Files</Filter>
    </None>
    <None Include="power.png">
      <Filter>Resource Files</Filter>
    </None>
    <None Include="present.png">
      <Filter>Resource Files</Filter>
    </None>
    <None Include="profle.png">
      <Filter>Resource Files</Filter>
    </None>
    <None Include="quote.png">
      <Filter>Resource Files</Filter>
    </None>
    <None Include="racingflags.png">
      <Filter>Resource Files</Filter>
    </None>
    <None Include="radio.png">
      <Filter>Resource Files</Filter>
    </None>
    <None Include="radiotower.png">
      <Filter>Resource Files</Filter>
    </None>
    <None Include="rainbow.png">
      <Filter>Resource Files</Filter>
    </None>
    <None Include="recycle.png">
      <Filter>Resource Files</Filter>
    </None>
    <None Include="rgb.png">
      <Filter>Resource Files</Filter>
    </None>
    <None Include="ribbon.png">
      <Filter>Resource Files</Filter>
    </None>
    <None Include="roadblock.png">
      <Filter>Resource Files</Filter>
    </None>
    <None Include="rocket.png">
      <Filter>Resource Files</Filter>
    </None>
    <None Include="rulertriangle.png">
      <Filter>Resource Files</Filter>
    </None>
    <None Include="running.png">
      <Filter>Resource Files</Filter>
    </None>
    <None Include="sailboat.png">
      <Filter>Resource Files</Filter>
    </None>
    <None Include="schooolbus.png">
      <Filter>Resource Files</Filter>
    </None>
    <None Include="scissors.png">
      <Filter>Resource Files</Filter>
    </None>
    <None Include="scooter.png">
      <Filter>Resource Files</Filter>
    </None>
    <None Include="security.png">
      <Filter>Resource Files</Filter>
    </None>
    <None Include="selftimer.png">
      <Filter>Resource Files</Filter>
    </None>
    <None Include="settings.png">
      <Filter>Resource Files</Filter>
    </None>
    <None Include="shipwheel.png">
      <Filter>Resource Files</Filter>
    </None>
    <None Include="shoeprints.png">
      <Filter>Resource Files</Filter>
    </None>
    <None Include="shop.png">
      <Filter>Resource Files</Filter>
    </None>
    <None Include="skateboard.png">
      <Filter>Resource Files</Filter>
    </None>
    <None Include="slr.png">
      <Filter>Resource Files</Filter>
    </None>
    <None Include="smartphone.png">
      <Filter>Resource Files</Filter>
    </None>
    <None Include="spaceshuttle.png">
      <Filter>Resource Files</Filter>
    </None>
    <None Include="speaker.png">
      <Filter>Resource Files</Filter>
    </None>
    <None Include="speedometer.png">
      <Filter>Resource Files</Filter>
    </None>
    <None Include="spraypaint.png">
      <Filter>Resource Files</Filter>
    </None>
    <None Include="stack.png">
      <Filter>Resource Files</Filter>
    </None>
    <None Include="star.png">
      <Filter>Resource Files</Filter>
    </None>
    <None Include="steeringwheel.png">
      <Filter>Resource Files</Filter>
    </None>
    <None Include="stop.png">
      <Filter>Resource Files</Filter>
    </None>
    <None Include="sub.png">
      <Filter>Resource Files</Filter>
    </None>
    <None Include="submarine.png">
      <Filter>Resource Files</Filter>
    </None>
    <None Include="support.png">
      <Filter>Resource Files</Filter>
    </None>
    <None Include="swatches.png">
      <Filter>Resource Files</Filter>
    </None>
    <None Include="tablet.png">
      <Filter>Resource Files</Filter>
    </None>
    <None Include="takeoff.png">
      <Filter>Resource Files</Filter>
    </None>
    <None Include="target.png">
      <Filter>Resource Files</Filter>
    </None>
    <None Include="taxi.png">
      <Filter>Resource Files</Filter>
    </None>
    <None Include="toolbox.png">
      <Filter>Resource Files</Filter>
    </None>
    <None Include="tools.png">
      <Filter>Resource Files</Filter>
    </None>
    <None Include="tractor.png">
      <Filter>Resource Files</Filter>
    </None>
    <None Include="traffic.png">
      <Filter>Resource Files</Filter>
    </None>
    <None Include="train.png">
      <Filter>Resource Files</Filter>
    </None>
    <None Include="travelerbag.png">
      <Filter>Resource Files</Filter>
    </None>
    <None Include="trends.png">
      <Filter>Resource Files</Filter>
    </None>
    <None Include="tripod.png">
      <Filter>Resource Files</Filter>
    </None>
    <None Include="trophy.png">
      <Filter>Resource Files</Filter>
    </None>
    <None Include="truck.png">
      <Filter>Resource Files</Filter>
    </None>
    <None Include="tv.png">
      <Filter>Resource Files</Filter>
    </None>
    <None Include="typography.png">
      <Filter>Resource Files</Filter>
    </None>
    <None Include="ufo.png">
      <Filter>Resource Files</Filter>
    </None>
    <None Include="umbrella.png">
      <Filter>Resource Files</Filter>
    </None>
    <None Include="unicycle.png">
      <Filter>Resource Files</Filter>
    </None>
    <None Include="unlocked.png">
      <Filter>Resource Files</Filter>
    </None>
    <None Include="upload.png">
      <Filter>Resource Files</Filter>
    </None>
    <None Include="video.png">
      <Filter>Resource Files</Filter>
    </None>
    <None Include="videocameraclassic.png">
      <Filter>Resource Files</Filter>
    </None>
    <None Include="videocameracompact.png">
      <Filter>Resource Files</Filter>
    </None>
    <None Include="volume.png">
      <Filter>Resource Files</Filter>
    </None>
    <None Include="water.png">
      <Filter>Resource Files</Filter>
    </None>
    <None Include="weather.png">
      <Filter>Resource Files</Filter>
    </None>
    <None Include="windsock.png">
      <Filter>Resource Files</Filter>
    </None>
    <None Include="windy.png">
      <Filter>Resource Files</Filter>
    </None>
    <None Include="x.png">
      <Filter>Resource Files</Filter>
    </None>
    <None Include="zoomin.png">
      <Filter>Resource Files</Filter>
    </None>
    <None Include="zoomout.png">
      <Filter>Resource Files</Filter>
    </None>
  </ItemGroup>
  <ItemGroup>
    <ResourceCompile Include="resource.rc">
      <Filter>Resource Files</Filter>
    </ResourceCompile>
  </ItemGroup>
</Project>